github.com/alecthomas/kong v1.13.0 h1:5e/7XC3ugvhP1DQBmTS+WuHtCbcv44hsohMgcvVxSrA=
github.com/alecthomas/kong v1.13.0/go.mod h1:wrlbXem1CWqUV5Vbmss5ISYhsVPkBb1Yo7YKJghju2I=
github.com/julianstephens/go-utils v0.2.7 h1:BxPTe8bLCYGfANeP367pXH8CMuvAyeL2OZjViFx51r4=
github.com/julianstephens/go-utils v0.2.7/go.mod h1:ilfZp74DcsO0roHFxS+c5FTa4jtOD3BhdI01hBFaylk=
